
Microsoft Visual Studio Solution File, Format Version 12.00
# Visual Studio Version 17
VisualStudioVersion = 17.5.002.0
MinimumVisualStudioVersion = 10.0.40219.1
Project("{9A19103F-16F7-4668-BE54-9A1E7A4F7556}") = "UNLcapstoneProject", "UNLcapstoneProject.csproj", "{41DC2BA0-1114-4FEA-9239-E3BBBF2F8668}"
EndProject
Project("{9A19103F-16F7-4668-BE54-9A1E7A4F7556}") = "Unit Tests", "..\Unit Tests\Unit Tests.csproj", "{72054140-8B5D-4539-8B19-E67A0C620368}"
EndProject
Project("{9A19103F-16F7-4668-BE54-9A1E7A4F7556}") = "View", "..\View\View.csproj", "{7EFC16B6-28FD-4E28-9A3C-F6F3BF926A08}"
EndProject
Project("{9A19103F-16F7-4668-BE54-9A1E7A4F7556}") = "Managers", "..\Managers\Managers.csproj", "{EBBF4CF9-D9B8-469B-81EB-488D648193D5}"
EndProject
Project("{9A19103F-16F7-4668-BE54-9A1E7A4F7556}") = "Engines", "..\Engines\Engines.csproj", "{59F6749C-7869-4ACF-B899-7739FE1F57A6}"
EndProject
Project("{FAE04EC0-301F-11D3-BF4B-00C04F79EFBC}") = "Accessors", "..\Accessors\Accessors.csproj", "{B3DB06CC-966C-47FF-84A2-739485A6CB15}"
EndProject
Global
	GlobalSection(SolutionConfigurationPlatforms) = preSolution
		Debug|Any CPU = Debug|Any CPU
		Release|Any CPU = Release|Any CPU
	EndGlobalSection
	GlobalSection(ProjectConfigurationPlatforms) = postSolution
		{41DC2BA0-1114-4FEA-9239-E3BBBF2F8668}.Debug|Any CPU.ActiveCfg = Debug|Any CPU
		{41DC2BA0-1114-4FEA-9239-E3BBBF2F8668}.Debug|Any CPU.Build.0 = Debug|Any CPU
		{41DC2BA0-1114-4FEA-9239-E3BBBF2F8668}.Release|Any CPU.ActiveCfg = Release|Any CPU
		{41DC2BA0-1114-4FEA-9239-E3BBBF2F8668}.Release|Any CPU.Build.0 = Release|Any CPU
		{72054140-8B5D-4539-8B19-E67A0C620368}.Debug|Any CPU.ActiveCfg = Debug|Any CPU
		{72054140-8B5D-4539-8B19-E67A0C620368}.Debug|Any CPU.Build.0 = Debug|Any CPU
		{72054140-8B5D-4539-8B19-E67A0C620368}.Release|Any CPU.ActiveCfg = Release|Any CPU
		{72054140-8B5D-4539-8B19-E67A0C620368}.Release|Any CPU.Build.0 = Release|Any CPU
		{7EFC16B6-28FD-4E28-9A3C-F6F3BF926A08}.Debug|Any CPU.ActiveCfg = Debug|Any CPU
		{7EFC16B6-28FD-4E28-9A3C-F6F3BF926A08}.Debug|Any CPU.Build.0 = Debug|Any CPU
		{7EFC16B6-28FD-4E28-9A3C-F6F3BF926A08}.Release|Any CPU.ActiveCfg = Release|Any CPU
		{7EFC16B6-28FD-4E28-9A3C-F6F3BF926A08}.Release|Any CPU.Build.0 = Release|Any CPU
		{EBBF4CF9-D9B8-469B-81EB-488D648193D5}.Debug|Any CPU.ActiveCfg = Debug|Any CPU
		{EBBF4CF9-D9B8-469B-81EB-488D648193D5}.Debug|Any CPU.Build.0 = Debug|Any CPU
		{EBBF4CF9-D9B8-469B-81EB-488D648193D5}.Release|Any CPU.ActiveCfg = Release|Any CPU
		{EBBF4CF9-D9B8-469B-81EB-488D648193D5}.Release|Any CPU.Build.0 = Release|Any CPU
		{59F6749C-7869-4ACF-B899-7739FE1F57A6}.Debug|Any CPU.ActiveCfg = Debug|Any CPU
		{59F6749C-7869-4ACF-B899-7739FE1F57A6}.Debug|Any CPU.Build.0 = Debug|Any CPU
		{59F6749C-7869-4ACF-B899-7739FE1F57A6}.Release|Any CPU.ActiveCfg = Release|Any CPU
		{59F6749C-7869-4ACF-B899-7739FE1F57A6}.Release|Any CPU.Build.0 = Release|Any CPU
		{B3DB06CC-966C-47FF-84A2-739485A6CB15}.Debug|Any CPU.ActiveCfg = Debug|Any CPU
		{B3DB06CC-966C-47FF-84A2-739485A6CB15}.Debug|Any CPU.Build.0 = Debug|Any CPU
		{B3DB06CC-966C-47FF-84A2-739485A6CB15}.Release|Any CPU.ActiveCfg = Release|Any CPU
		{B3DB06CC-966C-47FF-84A2-739485A6CB15}.Release|Any CPU.Build.0 = Release|Any CPU
	EndGlobalSection
	GlobalSection(SolutionProperties) = preSolution
		HideSolutionNode = FALSE
	EndGlobalSection
	GlobalSection(ExtensibilityGlobals) = postSolution
		SolutionGuid = {C2A350C6-F09D-417E-B3C7-5E94237936AE}
	EndGlobalSection
EndGlobal
