
Microsoft Visual Studio Solution File, Format Version 12.00
# Visual Studio Version 17
VisualStudioVersion = 17.5.002.0
MinimumVisualStudioVersion = 10.0.40219.1
Project("{9A19103F-16F7-4668-BE54-9A1E7A4F7556}") = "MvcMovie", "MvcMovie.csproj", "{4ADB62EB-806C-4DA2-9B6B-3982CE70F6E6}"
EndProject
Global
	GlobalSection(SolutionConfigurationPlatforms) = preSolution
		Debug|Any CPU = Debug|Any CPU
		Release|Any CPU = Release|Any CPU
	EndGlobalSection
	GlobalSection(ProjectConfigurationPlatforms) = postSolution
		{4ADB62EB-806C-4DA2-9B6B-3982CE70F6E6}.Debug|Any CPU.ActiveCfg = Debug|Any CPU
		{4ADB62EB-806C-4DA2-9B6B-3982CE70F6E6}.Debug|Any CPU.Build.0 = Debug|Any CPU
		{4ADB62EB-806C-4DA2-9B6B-3982CE70F6E6}.Release|Any CPU.ActiveCfg = Release|Any CPU
		{4ADB62EB-806C-4DA2-9B6B-3982CE70F6E6}.Release|Any CPU.Build.0 = Release|Any CPU
	EndGlobalSection
	GlobalSection(SolutionProperties) = preSolution
		HideSolutionNode = FALSE
	EndGlobalSection
	GlobalSection(ExtensibilityGlobals) = postSolution
		SolutionGuid = {ED287DFB-B678-46B8-A6F2-6E67F4CCECEA}
	EndGlobalSection
EndGlobal
